github.com/opsminded/graphlib/v2 v2.2.0 h1:8iAGwBF1TbVL9MRCSIJ6ZT5DGIwF9+cayhcTQVyNsbk=
github.com/opsminded/graphlib/v2 v2.2.0/go.mod h1:q9mc43QH5m4AcW7v+UhiRvgibZ4EhgAH07TNQ/VzkNk=
github.com/opsminded/graphlib/v2 v2.3.0 h1:aj4Must65KGcjGgSFID21pjSw4GzU/BNtnMCJuDfwTo=
github.com/opsminded/graphlib/v2 v2.3.0/go.mod h1:q9mc43QH5m4AcW7v+UhiRvgibZ4EhgAH07TNQ/VzkNk=
